// !$*UTF8*$!
{
	archiveVersion = 1;
	classes = {
	};
	objectVersion = 50;
	objects = {

/* Begin PBXBuildFile section */
		34D4D8AD21299A9900BDAFF5 /* AppDelegate.swift in Sources */ = {isa = PBXBuildFile; fileRef = 34D4D8AC21299A9900BDAFF5 /* AppDelegate.swift */; };
		34D4D8AF21299A9900BDAFF5 /* ViewController.swift in Sources */ = {isa = PBXBuildFile; fileRef = 34D4D8AE21299A9900BDAFF5 /* ViewController.swift */; };
		34D4D8B221299A9900BDAFF5 /* Main.storyboard in Resources */ = {isa = PBXBuildFile; fileRef = 34D4D8B021299A9900BDAFF5 /* Main.storyboard */; };
		34D4D8B421299A9B00BDAFF5 /* Assets.xcassets in Resources */ = {isa = PBXBuildFile; fileRef = 34D4D8B321299A9B00BDAFF5 /* Assets.xcassets */; };
		34D4D8B721299A9B00BDAFF5 /* LaunchScreen.storyboard in Resources */ = {isa = PBXBuildFile; fileRef = 34D4D8B521299A9B00BDAFF5 /* LaunchScreen.storyboard */; };
/* End PBXBuildFile section */

/* Begin PBXFileReference section */
		34D4D8A921299A9900BDAFF5 /* LearnFirebaseAuthenticationAndAuthorization.app */ = {isa = PBXFileReference; explicitFileType = wrapper.application; includeInIndex = 0; path = LearnFirebaseAuthenticationAndAuthorization.app; sourceTree = BUILT_PRODUCTS_DIR; };
		34D4D8AC21299A9900BDAFF5 /* AppDelegate.swift */ = {isa = PBXFileReference; lastKnownFileType = sourcecode.swift; path = AppDelegate.swift; sourceTree = "<group>"; };
		34D4D8AE21299A9900BDAFF5 /* ViewController.swift */ = {isa = PBXFileReference; lastKnownFileType = sourcecode.swift; path = ViewController.swift; sourceTree = "<group>"; };
		34D4D8B121299A9900BDAFF5 /* Base */ = {isa = PBXFileReference; lastKnownFileType = file.storyboard; name = Base; path = Base.lproj/Main.storyboard; sourceTree = "<group>"; };
		34D4D8B321299A9B00BDAFF5 /* Assets.xcassets */ = {isa = PBXFileReference; lastKnownFileType = folder.assetcatalog; path = Assets.xcassets; sourceTree = "<group>"; };
		34D4D8B621299A9B00BDAFF5 /* Base */ = {isa = PBXFileReference; lastKnownFileType = file.storyboard; name = Base; path = Base.lproj/LaunchScreen.storyboard; sourceTree = "<group>"; };
		34D4D8B821299A9B00BDAFF5 /* Info.plist */ = {isa = PBXFileReference; lastKnownFileType = text.plist.xml; path = Info.plist; sourceTree = "<group>"; };
/* End PBXFileReference section */

/* Begin PBXFrameworksBuildPhase section */
		34D4D8A621299A9900BDAFF5 /* Frameworks */ = {
			isa = PBXFrameworksBuildPhase;
			buildActionMask = 2147483647;
			files = (
			);
			runOnlyForDeploymentPostprocessing = 0;
		};
/* End PBXFrameworksBuildPhase section */

/* Begin PBXGroup section */
		34D4D8A021299A9900BDAFF5 = {
			isa = PBXGroup;
			children = (
				34D4D8AB21299A9900BDAFF5 /* LearnFirebaseAuthenticationAndAuthorization */,
				34D4D8AA21299A9900BDAFF5 /* Products */,
			);
			sourceTree = "<group>";
		};
		34D4D8AA21299A9900BDAFF5 /* Products */ = {
			isa = PBXGroup;
			children = (
				34D4D8A921299A9900BDAFF5 /* LearnFirebaseAuthenticationAndAuthorization.app */,
			);
			name = Products;
			sourceTree = "<group>";
		};
		34D4D8AB21299A9900BDAFF5 /* LearnFirebaseAuthenticationAndAuthorization */ = {
			isa = PBXGroup;
			children = (
				34D4D8AC21299A9900BDAFF5 /* AppDelegate.swift */,
				34D4D8AE21299A9900BDAFF5 /* ViewController.swift */,
				34D4D8B021299A9900BDAFF5 /* Main.storyboard */,
				34D4D8B321299A9B00BDAFF5 /* Assets.xcassets */,
				34D4D8B521299A9B00BDAFF5 /* LaunchScreen.storyboard */,
				34D4D8B821299A9B00BDAFF5 /* Info.plist */,
			);
			path = LearnFirebaseAuthenticationAndAuthorization;
			sourceTree = "<group>";
		};
/* End PBXGroup section */

/* Begin PBXNativeTarget section */
		34D4D8A821299A9900BDAFF5 /* LearnFirebaseAuthenticationAndAuthorization */ = {
			isa = PBXNativeTarget;
			buildConfigurationList = 34D4D8BB21299A9B00BDAFF5 /* Build configuration list for PBXNativeTarget "LearnFirebaseAuthenticationAndAuthorization" */;
			buildPhases = (
				34D4D8A521299A9900BDAFF5 /* Sources */,
				34D4D8A621299A9900BDAFF5 /* Frameworks */,
				34D4D8A721299A9900BDAFF5 /* Resources */,
			);
			buildRules = (
			);
			dependencies = (
			);
			name = LearnFirebaseAuthenticationAndAuthorization;
			productName = LearnFirebaseAuthenticationAndAuthorization;
			productReference = 34D4D8A921299A9900BDAFF5 /* LearnFirebaseAuthenticationAndAuthorization.app */;
			productType = "com.apple.product-type.application";
		};
/* End PBXNativeTarget section */

/* Begin PBXProject section */
		34D4D8A121299A9900BDAFF5 /* Project object */ = {
			isa = PBXProject;
			attributes = {
				LastSwiftUpdateCheck = 0940;
				LastUpgradeCheck = 0940;
				ORGANIZATIONNAME = waxcruz;
				TargetAttributes = {
					34D4D8A821299A9900BDAFF5 = {
						CreatedOnToolsVersion = 9.4.1;
					};
				};
			};
			buildConfigurationList = 34D4D8A421299A9900BDAFF5 /* Build configuration list for PBXProject "LearnFirebaseAuthenticationAndAuthorization" */;
			compatibilityVersion = "Xcode 9.3";
			developmentRegion = en;
			hasScannedForEncodings = 0;
			knownRegions = (
				en,
				Base,
			);
			mainGroup = 34D4D8A021299A9900BDAFF5;
			productRefGroup = 34D4D8AA21299A9900BDAFF5 /* Products */;
			projectDirPath = "";
			projectRoot = "";
			targets = (
				34D4D8A821299A9900BDAFF5 /* LearnFirebaseAuthenticationAndAuthorization */,
			);
		};
/* End PBXProject section */

/* Begin PBXResourcesBuildPhase section */
		34D4D8A721299A9900BDAFF5 /* Resources */ = {
			isa = PBXResourcesBuildPhase;
			buildActionMask = 2147483647;
			files = (
				34D4D8B721299A9B00BDAFF5 /* LaunchScreen.storyboard in Resources */,
				34D4D8B421299A9B00BDAFF5 /* Assets.xcassets in Resources */,
				34D4D8B221299A9900BDAFF5 /* Main.storyboard in Resources */,
			);
			runOnlyForDeploymentPostprocessing = 0;
		};
/* End PBXResourcesBuildPhase section */

/* Begin PBXSourcesBuildPhase section */
		34D4D8A521299A9900BDAFF5 /* Sources */ = {
			isa = PBXSourcesBuildPhase;
			buildActionMask = 2147483647;
			files = (
				34D4D8AF21299A9900BDAFF5 /* ViewController.swift in Sources */,
				34D4D8AD21299A9900BDAFF5 /* AppDelegate.swift in Sources */,
			);
			runOnlyForDeploymentPostprocessing = 0;
		};
/* End PBXSourcesBuildPhase section */

/* Begin PBXVariantGroup section */
		34D4D8B021299A9900BDAFF5 /* Main.storyboard */ = {
			isa = PBXVariantGroup;
			children = (
				34D4D8B121299A9900BDAFF5 /* Base */,
			);
			name = Main.storyboard;
			sourceTree = "<group>";
		};
		34D4D8B521299A9B00BDAFF5 /* LaunchScreen.storyboard */ = {
			isa = PBXVariantGroup;
			children = (
				34D4D8B621299A9B00BDAFF5 /* Base */,
			);
			name = LaunchScreen.storyboard;
			sourceTree = "<group>";
		};
/* End PBXVariantGroup section */

/* Begin XCBuildConfiguration section */
		34D4D8B921299A9B00BDAFF5 /* Debug */ = {
			isa = XCBuildConfiguration;
			buildSettings = {
				ALWAYS_SEARCH_USER_PATHS = NO;
				CLANG_ANALYZER_NONNULL = YES;
				CLANG_ANALYZER_NUMBER_OBJECT_CONVERSION = YES_AGGRESSIVE;
				CLANG_CXX_LANGUAGE_STANDARD = "gnu++14";
				CLANG_CXX_LIBRARY = "libc++";
				CLANG_ENABLE_MODULES = YES;
				CLANG_ENABLE_OBJC_ARC = YES;
				CLANG_ENABLE_OBJC_WEAK = YES;
				CLANG_WARN_BLOCK_CAPTURE_AUTORELEASING = YES;
				CLANG_WARN_BOOL_CONVERSION = YES;
				CLANG_WARN_COMMA = YES;
				CLANG_WARN_CONSTANT_CONVERSION = YES;
				CLANG_WARN_DEPRECATED_OBJC_IMPLEMENTATIONS = YES;
				CLANG_WARN_DIRECT_OBJC_ISA_USAGE = YES_ERROR;
				CLANG_WARN_DOCUMENTATION_COMMENTS = YES;
				CLANG_WARN_EMPTY_BODY = YES;
				CLANG_WARN_ENUM_CONVERSION = YES;
				CLANG_WARN_INFINITE_RECURSION = YES;
				CLANG_WARN_INT_CONVERSION = YES;
				CLANG_WARN_NON_LITERAL_NULL_CONVERSION = YES;
				CLANG_WARN_OBJC_IMPLICIT_RETAIN_SELF = YES;
				CLANG_WARN_OBJC_LITERAL_CONVERSION = YES;
				CLANG_WARN_OBJC_ROOT_CLASS = YES_ERROR;
				CLANG_WARN_RANGE_LOOP_ANALYSIS = YES;
				CLANG_WARN_STRICT_PROTOTYPES = YES;
				CLANG_WARN_SUSPICIOUS_MOVE = YES;
				CLANG_WARN_UNGUARDED_AVAILABILITY = YES_AGGRESSIVE;
				CLANG_WARN_UNREACHABLE_CODE = YES;
				CLANG_WARN__DUPLICATE_METHOD_MATCH = YES;
				CODE_SIGN_IDENTITY = "iPhone Developer";
				COPY_PHASE_STRIP = NO;
				DEBUG_INFORMATION_FORMAT = dwarf;
				ENABLE_STRICT_OBJC_MSGSEND = YES;
				ENABLE_TESTABILITY = YES;
				GCC_C_LANGUAGE_STANDARD = gnu11;
				GCC_DYNAMIC_NO_PIC = NO;
				GCC_NO_COMMON_BLOCKS = YES;
				GCC_OPTIMIZATION_LEVEL = 0;
				GCC_PREPROCESSOR_DEFINITIONS = (
					"DEBUG=1",
					"$(inherited)",
				);
				GCC_WARN_64_TO_32_BIT_CONVERSION = YES;
				GCC_WARN_ABOUT_RETURN_TYPE = YES_ERROR;
				GCC_WARN_UNDECLARED_SELECTOR = YES;
				GCC_WARN_UNINITIALIZED_AUTOS = YES_AGGRESSIVE;
				GCC_WARN_UNUSED_FUNCTION = YES;
				GCC_WARN_UNUSED_VARIABLE = YES;
				IPHONEOS_DEPLOYMENT_TARGET = 11.4;
				MTL_ENABLE_DEBUG_INFO = YES;
				ONLY_ACTIVE_ARCH = YES;
				SDKROOT = iphoneos;
				SWIFT_ACTIVE_COMPILATION_CONDITIONS = DEBUG;
				SWIFT_OPTIMIZATION_LEVEL = "-Onone";
			};
			name = Debug;
		};
		34D4D8BA21299A9B00BDAFF5 /* Release */ = {
			isa = XCBuildConfiguration;
			buildSettings = {
				ALWAYS_SEARCH_USER_PATHS = NO;
				CLANG_ANALYZER_NONNULL = YES;
				CLANG_ANALYZER_NUMBER_OBJECT_CONVERSION = YES_AGGRESSIVE;
				CLANG_CXX_LANGUAGE_STANDARD = "gnu++14";
				CLANG_CXX_LIBRARY = "libc++";
				CLANG_ENABLE_MODULES = YES;
				CLANG_ENABLE_OBJC_ARC = YES;
				CLANG_ENABLE_OBJC_WEAK = YES;
				CLANG_WARN_BLOCK_CAPTURE_AUTORELEASING = YES;
				CLANG_WARN_BOOL_CONVERSION = YES;
				CLANG_WARN_COMMA = YES;
				CLANG_WARN_CONSTANT_CONVERSION = YES;
				CLANG_WARN_DEPRECATED_OBJC_IMPLEMENTATIONS = YES;
				CLANG_WARN_DIRECT_OBJC_ISA_USAGE = YES_ERROR;
				CLANG_WARN_DOCUMENTATION_COMMENTS = YES;
				CLANG_WARN_EMPTY_BODY = YES;
				CLANG_WARN_ENUM_CONVERSION = YES;
				CLANG_WARN_INFINITE_RECURSION = YES;
				CLANG_WARN_INT_CONVERSION = YES;
				CLANG_WARN_NON_LITERAL_NULL_CONVERSION = YES;
				CLANG_WARN_OBJC_IMPLICIT_RETAIN_SELF = YES;
				CLANG_WARN_OBJC_LITERAL_CONVERSION = YES;
				CLANG_WARN_OBJC_ROOT_CLASS = YES_ERROR;
				CLANG_WARN_RANGE_LOOP_ANALYSIS = YES;
				CLANG_WARN_STRICT_PROTOTYPES = YES;
				CLANG_WARN_SUSPICIOUS_MOVE = YES;
				CLANG_WARN_UNGUARDED_AVAILABILITY = YES_AGGRESSIVE;
				CLANG_WARN_UNREACHABLE_CODE = YES;
				CLANG_WARN__DUPLICATE_METHOD_MATCH = YES;
				CODE_SIGN_IDENTITY = "iPhone Developer";
				COPY_PHASE_STRIP = NO;
				DEBUG_INFORMATION_FORMAT = "dwarf-with-dsym";
				ENABLE_NS_ASSERTIONS = NO;
				ENABLE_STRICT_OBJC_MSGSEND = YES;
				GCC_C_LANGUAGE_STANDARD = gnu11;
				GCC_NO_COMMON_BLOCKS = YES;
				GCC_WARN_64_TO_32_BIT_CONVERSION = YES;
				GCC_WARN_ABOUT_RETURN_TYPE = YES_ERROR;
				GCC_WARN_UNDECLARED_SELECTOR = YES;
				GCC_WARN_UNINITIALIZED_AUTOS = YES_AGGRESSIVE;
				GCC_WARN_UNUSED_FUNCTION = YES;
				GCC_WARN_UNUSED_VARIABLE = YES;
				IPHONEOS_DEPLOYMENT_TARGET = 11.4;
				MTL_ENABLE_DEBUG_INFO = NO;
				SDKROOT = iphoneos;
				SWIFT_COMPILATION_MODE = wholemodule;
				SWIFT_OPTIMIZATION_LEVEL = "-O";
				VALIDATE_PRODUCT = YES;
			};
			name = Release;
		};
		34D4D8BC21299A9B00BDAFF5 /* Debug */ = {
			isa = XCBuildConfiguration;
			buildSettings = {
				ASSETCATALOG_COMPILER_APPICON_NAME = AppIcon;
				CODE_SIGN_STYLE = Automatic;
				DEVELOPMENT_TEAM = XZMW4PYK4Y;
				INFOPLIST_FILE = LearnFirebaseAuthenticationAndAuthorization/Info.plist;
				LD_RUNPATH_SEARCH_PATHS = (
					"$(inherited)",
					"@executable_path/Frameworks",
				);
				PRODUCT_BUNDLE_IDENTIFIER = com.waxcruz.LearnFirebaseAuthenticationAndAuthorization;
				PRODUCT_NAME = "$(TARGET_NAME)";
				SWIFT_VERSION = 4.0;
				TARGETED_DEVICE_FAMILY = "1,2";
			};
			name = Debug;
		};
		34D4D8BD21299A9B00BDAFF5 /* Release */ = {
			isa = XCBuildConfiguration;
			buildSettings = {
				ASSETCATALOG_COMPILER_APPICON_NAME = AppIcon;
				CODE_SIGN_STYLE = Automatic;
				DEVELOPMENT_TEAM = XZMW4PYK4Y;
				INFOPLIST_FILE = LearnFirebaseAuthenticationAndAuthorization/Info.plist;
				LD_RUNPATH_SEARCH_PATHS = (
					"$(inherited)",
					"@executable_path/Frameworks",
				);
				PRODUCT_BUNDLE_IDENTIFIER = com.waxcruz.LearnFirebaseAuthenticationAndAuthorization;
				PRODUCT_NAME = "$(TARGET_NAME)";
				SWIFT_VERSION = 4.0;
				TARGETED_DEVICE_FAMILY = "1,2";
			};
			name = Release;
		};
/* End XCBuildConfiguration section */

/* Begin XCConfigurationList section */
		34D4D8A421299A9900BDAFF5 /* Build configuration list for PBXProject "LearnFirebaseAuthenticationAndAuthorization" */ = {
			isa = XCConfigurationList;
			buildConfigurations = (
				34D4D8B921299A9B00BDAFF5 /* Debug */,
				34D4D8BA21299A9B00BDAFF5 /* Release */,
			);
			defaultConfigurationIsVisible = 0;
			defaultConfigurationName = Release;
		};
		34D4D8BB21299A9B00BDAFF5 /* Build configuration list for PBXNativeTarget "LearnFirebaseAuthenticationAndAuthorization" */ = {
			isa = XCConfigurationList;
			buildConfigurations = (
				34D4D8BC21299A9B00BDAFF5 /* Debug */,
				34D4D8BD21299A9B00BDAFF5 /* Release */,
			);
			defaultConfigurationIsVisible = 0;
			defaultConfigurationName = Release;
		};
/* End XCConfigurationList section */
	};
	rootObject = 34D4D8A121299A9900BDAFF5 /* Project object */;
}
